
Microsoft Visual Studio Solution File, Format Version 12.00
# Visual Studio Version 16
VisualStudioVersion = 16.0.32002.261
MinimumVisualStudioVersion = 10.0.40219.1
Project("{9A19103F-16F7-4668-BE54-9A1E7A4F7556}") = "Dns.IpTrace", "Dns.IpTrace\Dns.IpTrace.csproj", "{725D6220-AB02-4215-A294-528350ECF493}"
EndProject
Project("{9A19103F-16F7-4668-BE54-9A1E7A4F7556}") = "Dns.IpTrace.Jobs", "Dns.IpTrace.Jobs\Dns.IpTrace.Jobs.csproj", "{5E6C868C-04FB-4F86-BA13-1256B961FD59}"
EndProject
Global
	GlobalSection(SolutionConfigurationPlatforms) = preSolution
		Debug|Any CPU = Debug|Any CPU
		Release|Any CPU = Release|Any CPU
	EndGlobalSection
	GlobalSection(ProjectConfigurationPlatforms) = postSolution
		{725D6220-AB02-4215-A294-528350ECF493}.Debug|Any CPU.ActiveCfg = Debug|Any CPU
		{725D6220-AB02-4215-A294-528350ECF493}.Debug|Any CPU.Build.0 = Debug|Any CPU
		{725D6220-AB02-4215-A294-528350ECF493}.Release|Any CPU.ActiveCfg = Release|Any CPU
		{725D6220-AB02-4215-A294-528350ECF493}.Release|Any CPU.Build.0 = Release|Any CPU
		{5E6C868C-04FB-4F86-BA13-1256B961FD59}.Debug|Any CPU.ActiveCfg = Debug|Any CPU
		{5E6C868C-04FB-4F86-BA13-1256B961FD59}.Debug|Any CPU.Build.0 = Debug|Any CPU
		{5E6C868C-04FB-4F86-BA13-1256B961FD59}.Release|Any CPU.ActiveCfg = Release|Any CPU
		{5E6C868C-04FB-4F86-BA13-1256B961FD59}.Release|Any CPU.Build.0 = Release|Any CPU
	EndGlobalSection
	GlobalSection(SolutionProperties) = preSolution
		HideSolutionNode = FALSE
	EndGlobalSection
	GlobalSection(ExtensibilityGlobals) = postSolution
		SolutionGuid = {2B31E12E-AA33-4CF0-AE81-55510AD1FDEB}
	EndGlobalSection
EndGlobal
